// !$*UTF8*$!
{
	archiveVersion = 1;
	classes = {
	};
	objectVersion = 51;
	objects = {

/* Begin PBXBuildFile section */
		8B606F0F9C19134FEB1CCF3C /* Pods_iPawStore.framework in Frameworks */ = {isa = PBXBuildFile; fileRef = AED617988BDC77F43E32BD6B /* Pods_iPawStore.framework */; };
		B841BE16250EF9EA00D9B70C /* DINNextLTArabic-Bold.ttf in Resources */ = {isa = PBXBuildFile; fileRef = B8FBC741250EF2D80028441E /* DINNextLTArabic-Bold.ttf */; };
		B841BE17250EF9EA00D9B70C /* DINNextLTArabic-Medium.ttf in Resources */ = {isa = PBXBuildFile; fileRef = B8FBC744250EF2D80028441E /* DINNextLTArabic-Medium.ttf */; };
		B841BE18250EF9EA00D9B70C /* DINNextLTArabic-Regular.ttf in Resources */ = {isa = PBXBuildFile; fileRef = B8FBC743250EF2D80028441E /* DINNextLTArabic-Regular.ttf */; };
		B841BE19250EF9EA00D9B70C /* DINNextLTArabic-UltraLight.ttf in Resources */ = {isa = PBXBuildFile; fileRef = B8FBC742250EF2D80028441E /* DINNextLTArabic-UltraLight.ttf */; };
		B841BE1D250EFB9800D9B70C /* UIView.swift in Sources */ = {isa = PBXBuildFile; fileRef = B841BE1C250EFB9800D9B70C /* UIView.swift */; };
		B841BE1F250EFF3C00D9B70C /* DINNEXTLTARABIC-LIGHT.ttf in Resources */ = {isa = PBXBuildFile; fileRef = B841BE1E250EFF3C00D9B70C /* DINNEXTLTARABIC-LIGHT.ttf */; };
		B841BE21250F013A00D9B70C /* UIColor.swift in Sources */ = {isa = PBXBuildFile; fileRef = B841BE20250F013A00D9B70C /* UIColor.swift */; };
		B841BE26250F032D00D9B70C /* ButtonResignOutAppCell.swift in Sources */ = {isa = PBXBuildFile; fileRef = B841BE24250F032D00D9B70C /* ButtonResignOutAppCell.swift */; };
		B841BE27250F032D00D9B70C /* ButtonResignOutAppCell.xib in Resources */ = {isa = PBXBuildFile; fileRef = B841BE25250F032D00D9B70C /* ButtonResignOutAppCell.xib */; };
		B841BE2B250F0AA700D9B70C /* LastAddedAppsCell.swift in Sources */ = {isa = PBXBuildFile; fileRef = B841BE29250F0AA700D9B70C /* LastAddedAppsCell.swift */; };
		B841BE2C250F0AA700D9B70C /* LastAddedAppsCell.xib in Resources */ = {isa = PBXBuildFile; fileRef = B841BE2A250F0AA700D9B70C /* LastAddedAppsCell.xib */; };
		B841BE31250F0CA700D9B70C /* LastAddedAppsCollectionCell.swift in Sources */ = {isa = PBXBuildFile; fileRef = B841BE2F250F0CA700D9B70C /* LastAddedAppsCollectionCell.swift */; };
		B841BE32250F0CA700D9B70C /* LastAddedAppsCollectionCell.xib in Resources */ = {isa = PBXBuildFile; fileRef = B841BE30250F0CA700D9B70C /* LastAddedAppsCollectionCell.xib */; };
		B841BE36250F23CC00D9B70C /* HeaderOfRandomAppsCell.swift in Sources */ = {isa = PBXBuildFile; fileRef = B841BE34250F23CC00D9B70C /* HeaderOfRandomAppsCell.swift */; };
		B841BE37250F23CC00D9B70C /* HeaderOfRandomAppsCell.xib in Resources */ = {isa = PBXBuildFile; fileRef = B841BE35250F23CC00D9B70C /* HeaderOfRandomAppsCell.xib */; };
		B894E65E2510911200271E51 /* ListAppCell.swift in Sources */ = {isa = PBXBuildFile; fileRef = B894E65C2510911200271E51 /* ListAppCell.swift */; };
		B894E65F2510911200271E51 /* ListAppCell.xib in Resources */ = {isa = PBXBuildFile; fileRef = B894E65D2510911200271E51 /* ListAppCell.xib */; };
		B894E66225109B6E00271E51 /* MyAppsView.swift in Sources */ = {isa = PBXBuildFile; fileRef = B894E66125109B6E00271E51 /* MyAppsView.swift */; };
		B894E6642510A3F500271E51 /* UIImage.swift in Sources */ = {isa = PBXBuildFile; fileRef = B894E6632510A3F500271E51 /* UIImage.swift */; };
		B894E6662510A67000271E51 /* AppsModel.swift in Sources */ = {isa = PBXBuildFile; fileRef = B894E6652510A67000271E51 /* AppsModel.swift */; };
		B894E66925122F2F00271E51 /* SettingsView.swift in Sources */ = {isa = PBXBuildFile; fileRef = B894E66825122F2F00271E51 /* SettingsView.swift */; };
		B894E66C25123DF400271E51 /* DashboardView.swift in Sources */ = {isa = PBXBuildFile; fileRef = B894E66B25123DF400271E51 /* DashboardView.swift */; };
		B8B1D7692518D9B8001BB54C /* config.swift in Sources */ = {isa = PBXBuildFile; fileRef = B8B1D7682518D9B8001BB54C /* config.swift */; };
		B8B1D7802518E378001BB54C /* LoginViewModel.swift in Sources */ = {isa = PBXBuildFile; fileRef = B8B1D77F2518E378001BB54C /* LoginViewModel.swift */; };
		B8B1D7832518E406001BB54C /* LoginModel.swift in Sources */ = {isa = PBXBuildFile; fileRef = B8B1D7822518E406001BB54C /* LoginModel.swift */; };
		B8B1D7862518EC0B001BB54C /* CommonCrypto.swift in Sources */ = {isa = PBXBuildFile; fileRef = B8B1D7852518EC0B001BB54C /* CommonCrypto.swift */; };
		B8B1D7912518FEA4001BB54C /* HomeViewModel.swift in Sources */ = {isa = PBXBuildFile; fileRef = B8B1D7902518FEA4001BB54C /* HomeViewModel.swift */; };
		B8B1D7942519011D001BB54C /* HomeModel.swift in Sources */ = {isa = PBXBuildFile; fileRef = B8B1D7932519011D001BB54C /* HomeModel.swift */; };
		B8B1D7DF251A8A84001BB54C /* MyAppsModel.swift in Sources */ = {isa = PBXBuildFile; fileRef = B8B1D7DE251A8A84001BB54C /* MyAppsModel.swift */; };
		B8B1D7E3251A997B001BB54C /* SettingsModelView.swift in Sources */ = {isa = PBXBuildFile; fileRef = B8B1D7E2251A997B001BB54C /* SettingsModelView.swift */; };
		B8B1D7E6251A99B4001BB54C /* SettingsModel.swift in Sources */ = {isa = PBXBuildFile; fileRef = B8B1D7E5251A99B4001BB54C /* SettingsModel.swift */; };
		B8E552BE2512A5CE00215441 /* LoginView.swift in Sources */ = {isa = PBXBuildFile; fileRef = B8E552BD2512A5CE00215441 /* LoginView.swift */; };
		B8E552C02512AB6E00215441 /* UserDefaults.swift in Sources */ = {isa = PBXBuildFile; fileRef = B8E552BF2512AB6E00215441 /* UserDefaults.swift */; };
		B8FBC724250EEEEB0028441E /* AppDelegate.swift in Sources */ = {isa = PBXBuildFile; fileRef = B8FBC723250EEEEB0028441E /* AppDelegate.swift */; };
		B8FBC726250EEEEB0028441E /* SceneDelegate.swift in Sources */ = {isa = PBXBuildFile; fileRef = B8FBC725250EEEEB0028441E /* SceneDelegate.swift */; };
		B8FBC72B250EEEEB0028441E /* Main.storyboard in Resources */ = {isa = PBXBuildFile; fileRef = B8FBC729250EEEEB0028441E /* Main.storyboard */; };
		B8FBC72D250EEEED0028441E /* Assets.xcassets in Resources */ = {isa = PBXBuildFile; fileRef = B8FBC72C250EEEED0028441E /* Assets.xcassets */; };
		B8FBC730250EEEED0028441E /* LaunchScreen.storyboard in Resources */ = {isa = PBXBuildFile; fileRef = B8FBC72E250EEEED0028441E /* LaunchScreen.storyboard */; };
		B8FBC73F250EF1EA0028441E /* HomeView.swift in Sources */ = {isa = PBXBuildFile; fileRef = B8FBC73E250EF1EA0028441E /* HomeView.swift */; };
/* End PBXBuildFile section */

/* Begin PBXFileReference section */
		126DF653B1A76D14C3E1A535 /* Pods-iPawStore.debug.xcconfig */ = {isa = PBXFileReference; includeInIndex = 1; lastKnownFileType = text.xcconfig; name = "Pods-iPawStore.debug.xcconfig"; path = "Target Support Files/Pods-iPawStore/Pods-iPawStore.debug.xcconfig"; sourceTree = "<group>"; };
		86CDA381EFFB8675380A8A7B /* Pods-iPawStore.release.xcconfig */ = {isa = PBXFileReference; includeInIndex = 1; lastKnownFileType = text.xcconfig; name = "Pods-iPawStore.release.xcconfig"; path = "Target Support Files/Pods-iPawStore/Pods-iPawStore.release.xcconfig"; sourceTree = "<group>"; };
		AED617988BDC77F43E32BD6B /* Pods_iPawStore.framework */ = {isa = PBXFileReference; explicitFileType = wrapper.framework; includeInIndex = 0; path = Pods_iPawStore.framework; sourceTree = BUILT_PRODUCTS_DIR; };
		B841BE1C250EFB9800D9B70C /* UIView.swift */ = {isa = PBXFileReference; lastKnownFileType = sourcecode.swift; path = UIView.swift; sourceTree = "<group>"; };
		B841BE1E250EFF3C00D9B70C /* DINNEXTLTARABIC-LIGHT.ttf */ = {isa = PBXFileReference; lastKnownFileType = file; path = "DINNEXTLTARABIC-LIGHT.ttf"; sourceTree = "<group>"; };
		B841BE20250F013A00D9B70C /* UIColor.swift */ = {isa = PBXFileReference; lastKnownFileType = sourcecode.swift; path = UIColor.swift; sourceTree = "<group>"; };
		B841BE24250F032D00D9B70C /* ButtonResignOutAppCell.swift */ = {isa = PBXFileReference; lastKnownFileType = sourcecode.swift; path = ButtonResignOutAppCell.swift; sourceTree = "<group>"; };
		B841BE25250F032D00D9B70C /* ButtonResignOutAppCell.xib */ = {isa = PBXFileReference; lastKnownFileType = file.xib; path = ButtonResignOutAppCell.xib; sourceTree = "<group>"; };
		B841BE29250F0AA700D9B70C /* LastAddedAppsCell.swift */ = {isa = PBXFileReference; lastKnownFileType = sourcecode.swift; path = LastAddedAppsCell.swift; sourceTree = "<group>"; };
		B841BE2A250F0AA700D9B70C /* LastAddedAppsCell.xib */ = {isa = PBXFileReference; lastKnownFileType = file.xib; path = LastAddedAppsCell.xib; sourceTree = "<group>"; };
		B841BE2F250F0CA700D9B70C /* LastAddedAppsCollectionCell.swift */ = {isa = PBXFileReference; lastKnownFileType = sourcecode.swift; path = LastAddedAppsCollectionCell.swift; sourceTree = "<group>"; };
		B841BE30250F0CA700D9B70C /* LastAddedAppsCollectionCell.xib */ = {isa = PBXFileReference; lastKnownFileType = file.xib; path = LastAddedAppsCollectionCell.xib; sourceTree = "<group>"; };
		B841BE34250F23CC00D9B70C /* HeaderOfRandomAppsCell.swift */ = {isa = PBXFileReference; lastKnownFileType = sourcecode.swift; path = HeaderOfRandomAppsCell.swift; sourceTree = "<group>"; };
		B841BE35250F23CC00D9B70C /* HeaderOfRandomAppsCell.xib */ = {isa = PBXFileReference; lastKnownFileType = file.xib; path = HeaderOfRandomAppsCell.xib; sourceTree = "<group>"; };
		B894E65C2510911200271E51 /* ListAppCell.swift */ = {isa = PBXFileReference; lastKnownFileType = sourcecode.swift; path = ListAppCell.swift; sourceTree = "<group>"; };
		B894E65D2510911200271E51 /* ListAppCell.xib */ = {isa = PBXFileReference; lastKnownFileType = file.xib; path = ListAppCell.xib; sourceTree = "<group>"; };
		B894E66125109B6E00271E51 /* MyAppsView.swift */ = {isa = PBXFileReference; lastKnownFileType = sourcecode.swift; path = MyAppsView.swift; sourceTree = "<group>"; };
		B894E6632510A3F500271E51 /* UIImage.swift */ = {isa = PBXFileReference; lastKnownFileType = sourcecode.swift; path = UIImage.swift; sourceTree = "<group>"; };
		B894E6652510A67000271E51 /* AppsModel.swift */ = {isa = PBXFileReference; lastKnownFileType = sourcecode.swift; path = AppsModel.swift; sourceTree = "<group>"; };
		B894E66825122F2F00271E51 /* SettingsView.swift */ = {isa = PBXFileReference; lastKnownFileType = sourcecode.swift; path = SettingsView.swift; sourceTree = "<group>"; };
		B894E66B25123DF400271E51 /* DashboardView.swift */ = {isa = PBXFileReference; lastKnownFileType = sourcecode.swift; path = DashboardView.swift; sourceTree = "<group>"; };
		B8B1D7682518D9B8001BB54C /* config.swift */ = {isa = PBXFileReference; lastKnownFileType = sourcecode.swift; path = config.swift; sourceTree = "<group>"; };
		B8B1D77F2518E378001BB54C /* LoginViewModel.swift */ = {isa = PBXFileReference; lastKnownFileType = sourcecode.swift; path = LoginViewModel.swift; sourceTree = "<group>"; };
		B8B1D7822518E406001BB54C /* LoginModel.swift */ = {isa = PBXFileReference; lastKnownFileType = sourcecode.swift; path = LoginModel.swift; sourceTree = "<group>"; };
		B8B1D7852518EC0B001BB54C /* CommonCrypto.swift */ = {isa = PBXFileReference; lastKnownFileType = sourcecode.swift; path = CommonCrypto.swift; sourceTree = "<group>"; };
		B8B1D7902518FEA4001BB54C /* HomeViewModel.swift */ = {isa = PBXFileReference; lastKnownFileType = sourcecode.swift; path = HomeViewModel.swift; sourceTree = "<group>"; };
		B8B1D7932519011D001BB54C /* HomeModel.swift */ = {isa = PBXFileReference; lastKnownFileType = sourcecode.swift; path = HomeModel.swift; sourceTree = "<group>"; };
		B8B1D7DE251A8A84001BB54C /* MyAppsModel.swift */ = {isa = PBXFileReference; lastKnownFileType = sourcecode.swift; path = MyAppsModel.swift; sourceTree = "<group>"; };
		B8B1D7E2251A997B001BB54C /* SettingsModelView.swift */ = {isa = PBXFileReference; lastKnownFileType = sourcecode.swift; path = SettingsModelView.swift; sourceTree = "<group>"; };
		B8B1D7E5251A99B4001BB54C /* SettingsModel.swift */ = {isa = PBXFileReference; lastKnownFileType = sourcecode.swift; path = SettingsModel.swift; sourceTree = "<group>"; };
		B8E552BD2512A5CE00215441 /* LoginView.swift */ = {isa = PBXFileReference; lastKnownFileType = sourcecode.swift; path = LoginView.swift; sourceTree = "<group>"; };
		B8E552BF2512AB6E00215441 /* UserDefaults.swift */ = {isa = PBXFileReference; lastKnownFileType = sourcecode.swift; path = UserDefaults.swift; sourceTree = "<group>"; };
		B8FBC720250EEEEB0028441E /* iPawStore.app */ = {isa = PBXFileReference; explicitFileType = wrapper.application; includeInIndex = 0; path = iPawStore.app; sourceTree = BUILT_PRODUCTS_DIR; };
		B8FBC723250EEEEB0028441E /* AppDelegate.swift */ = {isa = PBXFileReference; lastKnownFileType = sourcecode.swift; path = AppDelegate.swift; sourceTree = "<group>"; };
		B8FBC725250EEEEB0028441E /* SceneDelegate.swift */ = {isa = PBXFileReference; lastKnownFileType = sourcecode.swift; path = SceneDelegate.swift; sourceTree = "<group>"; };
		B8FBC72A250EEEEB0028441E /* Base */ = {isa = PBXFileReference; lastKnownFileType = file.storyboard; name = Base; path = Base.lproj/Main.storyboard; sourceTree = "<group>"; };
		B8FBC72C250EEEED0028441E /* Assets.xcassets */ = {isa = PBXFileReference; lastKnownFileType = folder.assetcatalog; path = Assets.xcassets; sourceTree = "<group>"; };
		B8FBC72F250EEEED0028441E /* Base */ = {isa = PBXFileReference; lastKnownFileType = file.storyboard; name = Base; path = Base.lproj/LaunchScreen.storyboard; sourceTree = "<group>"; };
		B8FBC731250EEEED0028441E /* Info.plist */ = {isa = PBXFileReference; lastKnownFileType = text.plist.xml; path = Info.plist; sourceTree = "<group>"; };
		B8FBC73E250EF1EA0028441E /* HomeView.swift */ = {isa = PBXFileReference; lastKnownFileType = sourcecode.swift; path = HomeView.swift; sourceTree = "<group>"; };
		B8FBC741250EF2D80028441E /* DINNextLTArabic-Bold.ttf */ = {isa = PBXFileReference; lastKnownFileType = file; path = "DINNextLTArabic-Bold.ttf"; sourceTree = "<group>"; };
		B8FBC742250EF2D80028441E /* DINNextLTArabic-UltraLight.ttf */ = {isa = PBXFileReference; lastKnownFileType = file; path = "DINNextLTArabic-UltraLight.ttf"; sourceTree = "<group>"; };
		B8FBC743250EF2D80028441E /* DINNextLTArabic-Regular.ttf */ = {isa = PBXFileReference; lastKnownFileType = file; path = "DINNextLTArabic-Regular.ttf"; sourceTree = "<group>"; };
		B8FBC744250EF2D80028441E /* DINNextLTArabic-Medium.ttf */ = {isa = PBXFileReference; lastKnownFileType = file; path = "DINNextLTArabic-Medium.ttf"; sourceTree = "<group>"; };
/* End PBXFileReference section */

/* Begin PBXFrameworksBuildPhase section */
		B8FBC71D250EEEEB0028441E /* Frameworks */ = {
			isa = PBXFrameworksBuildPhase;
			buildActionMask = 2147483647;
			files = (
				8B606F0F9C19134FEB1CCF3C /* Pods_iPawStore.framework in Frameworks */,
			);
			runOnlyForDeploymentPostprocessing = 0;
		};
/* End PBXFrameworksBuildPhase section */

/* Begin PBXGroup section */
		2093AEDF90390765C0BE5B6F /* Pods */ = {
			isa = PBXGroup;
			children = (
				126DF653B1A76D14C3E1A535 /* Pods-iPawStore.debug.xcconfig */,
				86CDA381EFFB8675380A8A7B /* Pods-iPawStore.release.xcconfig */,
			);
			path = Pods;
			sourceTree = "<group>";
		};
		B841BE1A250EFB6F00D9B70C /* Helpers */ = {
			isa = PBXGroup;
			children = (
				B841BE1C250EFB9800D9B70C /* UIView.swift */,
				B841BE20250F013A00D9B70C /* UIColor.swift */,
				B894E6632510A3F500271E51 /* UIImage.swift */,
				B8E552BF2512AB6E00215441 /* UserDefaults.swift */,
				B8B1D7852518EC0B001BB54C /* CommonCrypto.swift */,
			);
			path = Helpers;
			sourceTree = "<group>";
		};
		B841BE22250F02EF00D9B70C /* tableViewCell */ = {
			isa = PBXGroup;
			children = (
				B894E65B251090F100271E51 /* ListAppCell */,
				B841BE33250F23A400D9B70C /* HeaderOfRandomAppsCell */,
				B841BE28250F0A9800D9B70C /* LastAddedAppsCell */,
				B841BE23250F02FF00D9B70C /* ButtonResignOutAppCell */,
			);
			path = tableViewCell;
			sourceTree = "<group>";
		};
		B841BE23250F02FF00D9B70C /* ButtonResignOutAppCell */ = {
			isa = PBXGroup;
			children = (
				B841BE24250F032D00D9B70C /* ButtonResignOutAppCell.swift */,
				B841BE25250F032D00D9B70C /* ButtonResignOutAppCell.xib */,
			);
			path = ButtonResignOutAppCell;
			sourceTree = "<group>";
		};
		B841BE28250F0A9800D9B70C /* LastAddedAppsCell */ = {
			isa = PBXGroup;
			children = (
				B841BE29250F0AA700D9B70C /* LastAddedAppsCell.swift */,
				B841BE2A250F0AA700D9B70C /* LastAddedAppsCell.xib */,
			);
			path = LastAddedAppsCell;
			sourceTree = "<group>";
		};
		B841BE2D250F0C7100D9B70C /* collectionViewCell */ = {
			isa = PBXGroup;
			children = (
				B841BE2E250F0C8700D9B70C /* LastAddedAppsCollectionCell */,
			);
			path = collectionViewCell;
			sourceTree = "<group>";
		};
		B841BE2E250F0C8700D9B70C /* LastAddedAppsCollectionCell */ = {
			isa = PBXGroup;
			children = (
				B841BE2F250F0CA700D9B70C /* LastAddedAppsCollectionCell.swift */,
				B841BE30250F0CA700D9B70C /* LastAddedAppsCollectionCell.xib */,
			);
			path = LastAddedAppsCollectionCell;
			sourceTree = "<group>";
		};
		B841BE33250F23A400D9B70C /* HeaderOfRandomAppsCell */ = {
			isa = PBXGroup;
			children = (
				B841BE34250F23CC00D9B70C /* HeaderOfRandomAppsCell.swift */,
				B841BE35250F23CC00D9B70C /* HeaderOfRandomAppsCell.xib */,
			);
			path = HeaderOfRandomAppsCell;
			sourceTree = "<group>";
		};
		B894E65B251090F100271E51 /* ListAppCell */ = {
			isa = PBXGroup;
			children = (
				B894E65C2510911200271E51 /* ListAppCell.swift */,
				B894E65D2510911200271E51 /* ListAppCell.xib */,
			);
			path = ListAppCell;
			sourceTree = "<group>";
		};
		B894E66025109B5600271E51 /* MyApps */ = {
			isa = PBXGroup;
			children = (
				B894E66125109B6E00271E51 /* MyAppsView.swift */,
			);
			path = MyApps;
			sourceTree = "<group>";
		};
		B894E66725122F1900271E51 /* Settings */ = {
			isa = PBXGroup;
			children = (
				B894E66825122F2F00271E51 /* SettingsView.swift */,
			);
			path = Settings;
			sourceTree = "<group>";
		};
		B894E66A25123DDD00271E51 /* Dashboard */ = {
			isa = PBXGroup;
			children = (
				B894E66B25123DF400271E51 /* DashboardView.swift */,
			);
			path = Dashboard;
			sourceTree = "<group>";
		};
		B8E552BC2512A5B700215441 /* LoginView */ = {
			isa = PBXGroup;
			children = (
				B8E552BD2512A5CE00215441 /* LoginView.swift */,
			);
			path = LoginView;
			sourceTree = "<group>";
		};
		B8FBC717250EEEEA0028441E = {
			isa = PBXGroup;
			children = (
				B8FBC722250EEEEB0028441E /* iPawStore */,
				B8FBC721250EEEEB0028441E /* Products */,
				2093AEDF90390765C0BE5B6F /* Pods */,
				C290D3CD1606B6FD07911087 /* Frameworks */,
			);
			sourceTree = "<group>";
		};
		B8FBC721250EEEEB0028441E /* Products */ = {
			isa = PBXGroup;
			children = (
				B8FBC720250EEEEB0028441E /* iPawStore.app */,
			);
			name = Products;
			sourceTree = "<group>";
		};
		B8FBC722250EEEEB0028441E /* iPawStore */ = {
			isa = PBXGroup;
			children = (
				B8FBC73B250EF16B0028441E /* Core */,
				B8FBC73A250EF1410028441E /* Resources */,
				B8FBC739250EF1130028441E /* Model */,
				B8FBC738250EF0FD0028441E /* ViewModel */,
				B8FBC737250EF0EE0028441E /* View */,
				B8FBC73C250EF1960028441E /* storyboard */,
				B841BE1A250EFB6F00D9B70C /* Helpers */,
			);
			path = iPawStore;
			sourceTree = "<group>";
		};
		B8FBC737250EF0EE0028441E /* View */ = {
			isa = PBXGroup;
			children = (
				B894E66A25123DDD00271E51 /* Dashboard */,
				B8E552BC2512A5B700215441 /* LoginView */,
				B894E66725122F1900271E51 /* Settings */,
				B894E66025109B5600271E51 /* MyApps */,
				B8FBC73D250EF1BE0028441E /* Home */,
			);
			path = View;
			sourceTree = "<group>";
		};
		B8FBC738250EF0FD0028441E /* ViewModel */ = {
			isa = PBXGroup;
			children = (
				B8B1D7682518D9B8001BB54C /* config.swift */,
				B8B1D77F2518E378001BB54C /* LoginViewModel.swift */,
				B8B1D7902518FEA4001BB54C /* HomeViewModel.swift */,
				B8B1D7DE251A8A84001BB54C /* MyAppsModel.swift */,
				B8B1D7E2251A997B001BB54C /* SettingsModelView.swift */,
			);
			path = ViewModel;
			sourceTree = "<group>";
		};
		B8FBC739250EF1130028441E /* Model */ = {
			isa = PBXGroup;
			children = (
				B894E6652510A67000271E51 /* AppsModel.swift */,
				B8B1D7822518E406001BB54C /* LoginModel.swift */,
				B8B1D7932519011D001BB54C /* HomeModel.swift */,
				B8B1D7E5251A99B4001BB54C /* SettingsModel.swift */,
			);
			path = Model;
			sourceTree = "<group>";
		};
		B8FBC73A250EF1410028441E /* Resources */ = {
			isa = PBXGroup;
			children = (
				B8FBC740250EF2740028441E /* Fonts */,
				B8FBC72C250EEEED0028441E /* Assets.xcassets */,
				B8FBC731250EEEED0028441E /* Info.plist */,
			);
			name = Resources;
			sourceTree = "<group>";
		};
		B8FBC73B250EF16B0028441E /* Core */ = {
			isa = PBXGroup;
			children = (
				B8FBC723250EEEEB0028441E /* AppDelegate.swift */,
				B8FBC725250EEEEB0028441E /* SceneDelegate.swift */,
				B8FBC72E250EEEED0028441E /* LaunchScreen.storyboard */,
			);
			name = Core;
			sourceTree = "<group>";
		};
		B8FBC73C250EF1960028441E /* storyboard */ = {
			isa = PBXGroup;
			children = (
				B8FBC729250EEEEB0028441E /* Main.storyboard */,
			);
			path = storyboard;
			sourceTree = "<group>";
		};
		B8FBC73D250EF1BE0028441E /* Home */ = {
			isa = PBXGroup;
			children = (
				B841BE2D250F0C7100D9B70C /* collectionViewCell */,
				B841BE22250F02EF00D9B70C /* tableViewCell */,
				B8FBC73E250EF1EA0028441E /* HomeView.swift */,
			);
			path = Home;
			sourceTree = "<group>";
		};
		B8FBC740250EF2740028441E /* Fonts */ = {
			isa = PBXGroup;
			children = (
				B8FBC741250EF2D80028441E /* DINNextLTArabic-Bold.ttf */,
				B8FBC744250EF2D80028441E /* DINNextLTArabic-Medium.ttf */,
				B8FBC743250EF2D80028441E /* DINNextLTArabic-Regular.ttf */,
				B841BE1E250EFF3C00D9B70C /* DINNEXTLTARABIC-LIGHT.ttf */,
				B8FBC742250EF2D80028441E /* DINNextLTArabic-UltraLight.ttf */,
			);
			name = Fonts;
			sourceTree = "<group>";
		};
		C290D3CD1606B6FD07911087 /* Frameworks */ = {
			isa = PBXGroup;
			children = (
				AED617988BDC77F43E32BD6B /* Pods_iPawStore.framework */,
			);
			name = Frameworks;
			sourceTree = "<group>";
		};
/* End PBXGroup section */

/* Begin PBXNativeTarget section */
		B8FBC71F250EEEEB0028441E /* iPawStore */ = {
			isa = PBXNativeTarget;
			buildConfigurationList = B8FBC734250EEEED0028441E /* Build configuration list for PBXNativeTarget "iPawStore" */;
			buildPhases = (
				880A3273EC301A394D1BB28F /* [CP] Check Pods Manifest.lock */,
				B8FBC71C250EEEEB0028441E /* Sources */,
				B8FBC71D250EEEEB0028441E /* Frameworks */,
				B8FBC71E250EEEEB0028441E /* Resources */,
				BE857012F6600D663269E5F5 /* [CP] Embed Pods Frameworks */,
			);
			buildRules = (
			);
			dependencies = (
			);
			name = iPawStore;
			productName = iPawStore;
			productReference = B8FBC720250EEEEB0028441E /* iPawStore.app */;
			productType = "com.apple.product-type.application";
		};
/* End PBXNativeTarget section */

/* Begin PBXProject section */
		B8FBC718250EEEEA0028441E /* Project object */ = {
			isa = PBXProject;
			attributes = {
				LastSwiftUpdateCheck = 1140;
				LastUpgradeCheck = 1140;
				ORGANIZATIONNAME = Abdullah;
				TargetAttributes = {
					B8FBC71F250EEEEB0028441E = {
						CreatedOnToolsVersion = 11.4;
					};
				};
			};
			buildConfigurationList = B8FBC71B250EEEEA0028441E /* Build configuration list for PBXProject "iPawStore" */;
			compatibilityVersion = "Xcode 9.3";
			developmentRegion = en;
			hasScannedForEncodings = 0;
			knownRegions = (
				en,
				Base,
			);
			mainGroup = B8FBC717250EEEEA0028441E;
			productRefGroup = B8FBC721250EEEEB0028441E /* Products */;
			projectDirPath = "";
			projectRoot = "";
			targets = (
				B8FBC71F250EEEEB0028441E /* iPawStore */,
			);
		};
/* End PBXProject section */

/* Begin PBXResourcesBuildPhase section */
		B8FBC71E250EEEEB0028441E /* Resources */ = {
			isa = PBXResourcesBuildPhase;
			buildActionMask = 2147483647;
			files = (
				B8FBC730250EEEED0028441E /* LaunchScreen.storyboard in Resources */,
				B841BE17250EF9EA00D9B70C /* DINNextLTArabic-Medium.ttf in Resources */,
				B841BE2C250F0AA700D9B70C /* LastAddedAppsCell.xib in Resources */,
				B841BE18250EF9EA00D9B70C /* DINNextLTArabic-Regular.ttf in Resources */,
				B841BE19250EF9EA00D9B70C /* DINNextLTArabic-UltraLight.ttf in Resources */,
				B8FBC72D250EEEED0028441E /* Assets.xcassets in Resources */,
				B841BE37250F23CC00D9B70C /* HeaderOfRandomAppsCell.xib in Resources */,
				B841BE16250EF9EA00D9B70C /* DINNextLTArabic-Bold.ttf in Resources */,
				B841BE1F250EFF3C00D9B70C /* DINNEXTLTARABIC-LIGHT.ttf in Resources */,
				B894E65F2510911200271E51 /* ListAppCell.xib in Resources */,
				B841BE27250F032D00D9B70C /* ButtonResignOutAppCell.xib in Resources */,
				B8FBC72B250EEEEB0028441E /* Main.storyboard in Resources */,
				B841BE32250F0CA700D9B70C /* LastAddedAppsCollectionCell.xib in Resources */,
			);
			runOnlyForDeploymentPostprocessing = 0;
		};
/* End PBXResourcesBuildPhase section */

/* Begin PBXShellScriptBuildPhase section */
		880A3273EC301A394D1BB28F /* [CP] Check Pods Manifest.lock */ = {
			isa = PBXShellScriptBuildPhase;
			buildActionMask = 2147483647;
			files = (
			);
			inputFileListPaths = (
			);
			inputPaths = (
				"${PODS_PODFILE_DIR_PATH}/Podfile.lock",
				"${PODS_ROOT}/Manifest.lock",
			);
			name = "[CP] Check Pods Manifest.lock";
			outputFileListPaths = (
			);
			outputPaths = (
				"$(DERIVED_FILE_DIR)/Pods-iPawStore-checkManifestLockResult.txt",
			);
			runOnlyForDeploymentPostprocessing = 0;
			shellPath = /bin/sh;
			shellScript = "diff \"${PODS_PODFILE_DIR_PATH}/Podfile.lock\" \"${PODS_ROOT}/Manifest.lock\" > /dev/null\nif [ $? != 0 ] ; then\n    # print error to STDERR\n    echo \"error: The sandbox is not in sync with the Podfile.lock. Run 'pod install' or update your CocoaPods installation.\" >&2\n    exit 1\nfi\n# This output is used by Xcode 'outputs' to avoid re-running this script phase.\necho \"SUCCESS\" > \"${SCRIPT_OUTPUT_FILE_0}\"\n";
			showEnvVarsInLog = 0;
		};
		BE857012F6600D663269E5F5 /* [CP] Embed Pods Frameworks */ = {
			isa = PBXShellScriptBuildPhase;
			buildActionMask = 2147483647;
			files = (
			);
			inputFileListPaths = (
				"${PODS_ROOT}/Target Support Files/Pods-iPawStore/Pods-iPawStore-frameworks-${CONFIGURATION}-input-files.xcfilelist",
			);
			name = "[CP] Embed Pods Frameworks";
			outputFileListPaths = (
				"${PODS_ROOT}/Target Support Files/Pods-iPawStore/Pods-iPawStore-frameworks-${CONFIGURATION}-output-files.xcfilelist",
			);
			runOnlyForDeploymentPostprocessing = 0;
			shellPath = /bin/sh;
			shellScript = "\"${PODS_ROOT}/Target Support Files/Pods-iPawStore/Pods-iPawStore-frameworks.sh\"\n";
			showEnvVarsInLog = 0;
		};
/* End PBXShellScriptBuildPhase section */

/* Begin PBXSourcesBuildPhase section */
		B8FBC71C250EEEEB0028441E /* Sources */ = {
			isa = PBXSourcesBuildPhase;
			buildActionMask = 2147483647;
			files = (
				B841BE36250F23CC00D9B70C /* HeaderOfRandomAppsCell.swift in Sources */,
				B8B1D7DF251A8A84001BB54C /* MyAppsModel.swift in Sources */,
				B8B1D7E3251A997B001BB54C /* SettingsModelView.swift in Sources */,
				B8B1D7912518FEA4001BB54C /* HomeViewModel.swift in Sources */,
				B841BE1D250EFB9800D9B70C /* UIView.swift in Sources */,
				B8FBC73F250EF1EA0028441E /* HomeView.swift in Sources */,
				B8FBC724250EEEEB0028441E /* AppDelegate.swift in Sources */,
				B8FBC726250EEEEB0028441E /* SceneDelegate.swift in Sources */,
				B8B1D7832518E406001BB54C /* LoginModel.swift in Sources */,
				B8E552C02512AB6E00215441 /* UserDefaults.swift in Sources */,
				B841BE2B250F0AA700D9B70C /* LastAddedAppsCell.swift in Sources */,
				B841BE26250F032D00D9B70C /* ButtonResignOutAppCell.swift in Sources */,
				B8B1D7E6251A99B4001BB54C /* SettingsModel.swift in Sources */,
				B894E66C25123DF400271E51 /* DashboardView.swift in Sources */,
				B894E66925122F2F00271E51 /* SettingsView.swift in Sources */,
				B8B1D7862518EC0B001BB54C /* CommonCrypto.swift in Sources */,
				B894E6662510A67000271E51 /* AppsModel.swift in Sources */,
				B894E66225109B6E00271E51 /* MyAppsView.swift in Sources */,
				B841BE31250F0CA700D9B70C /* LastAddedAppsCollectionCell.swift in Sources */,
				B894E6642510A3F500271E51 /* UIImage.swift in Sources */,
				B841BE21250F013A00D9B70C /* UIColor.swift in Sources */,
				B8B1D7692518D9B8001BB54C /* config.swift in Sources */,
				B8E552BE2512A5CE00215441 /* LoginView.swift in Sources */,
				B8B1D7802518E378001BB54C /* LoginViewModel.swift in Sources */,
				B894E65E2510911200271E51 /* ListAppCell.swift in Sources */,
				B8B1D7942519011D001BB54C /* HomeModel.swift in Sources */,
			);
			runOnlyForDeploymentPostprocessing = 0;
		};
/* End PBXSourcesBuildPhase section */

/* Begin PBXVariantGroup section */
		B8FBC729250EEEEB0028441E /* Main.storyboard */ = {
			isa = PBXVariantGroup;
			children = (
				B8FBC72A250EEEEB0028441E /* Base */,
			);
			name = Main.storyboard;
			sourceTree = "<group>";
		};
		B8FBC72E250EEEED0028441E /* LaunchScreen.storyboard */ = {
			isa = PBXVariantGroup;
			children = (
				B8FBC72F250EEEED0028441E /* Base */,
			);
			name = LaunchScreen.storyboard;
			sourceTree = "<group>";
		};
/* End PBXVariantGroup section */

/* Begin XCBuildConfiguration section */
		B8FBC732250EEEED0028441E /* Debug */ = {
			isa = XCBuildConfiguration;
			buildSettings = {
				ALWAYS_SEARCH_USER_PATHS = NO;
				CLANG_ANALYZER_NONNULL = YES;
				CLANG_ANALYZER_NUMBER_OBJECT_CONVERSION = YES_AGGRESSIVE;
				CLANG_CXX_LANGUAGE_STANDARD = "gnu++14";
				CLANG_CXX_LIBRARY = "libc++";
				CLANG_ENABLE_MODULES = YES;
				CLANG_ENABLE_OBJC_ARC = YES;
				CLANG_ENABLE_OBJC_WEAK = YES;
				CLANG_WARN_BLOCK_CAPTURE_AUTORELEASING = YES;
				CLANG_WARN_BOOL_CONVERSION = YES;
				CLANG_WARN_COMMA = YES;
				CLANG_WARN_CONSTANT_CONVERSION = YES;
				CLANG_WARN_DEPRECATED_OBJC_IMPLEMENTATIONS = YES;
				CLANG_WARN_DIRECT_OBJC_ISA_USAGE = YES_ERROR;
				CLANG_WARN_DOCUMENTATION_COMMENTS = YES;
				CLANG_WARN_EMPTY_BODY = YES;
				CLANG_WARN_ENUM_CONVERSION = YES;
				CLANG_WARN_INFINITE_RECURSION = YES;
				CLANG_WARN_INT_CONVERSION = YES;
				CLANG_WARN_NON_LITERAL_NULL_CONVERSION = YES;
				CLANG_WARN_OBJC_IMPLICIT_RETAIN_SELF = YES;
				CLANG_WARN_OBJC_LITERAL_CONVERSION = YES;
				CLANG_WARN_OBJC_ROOT_CLASS = YES_ERROR;
				CLANG_WARN_RANGE_LOOP_ANALYSIS = YES;
				CLANG_WARN_STRICT_PROTOTYPES = YES;
				CLANG_WARN_SUSPICIOUS_MOVE = YES;
				CLANG_WARN_UNGUARDED_AVAILABILITY = YES_AGGRESSIVE;
				CLANG_WARN_UNREACHABLE_CODE = YES;
				CLANG_WARN__DUPLICATE_METHOD_MATCH = YES;
				COPY_PHASE_STRIP = NO;
				DEBUG_INFORMATION_FORMAT = dwarf;
				ENABLE_STRICT_OBJC_MSGSEND = YES;
				ENABLE_TESTABILITY = YES;
				GCC_C_LANGUAGE_STANDARD = gnu11;
				GCC_DYNAMIC_NO_PIC = NO;
				GCC_NO_COMMON_BLOCKS = YES;
				GCC_OPTIMIZATION_LEVEL = 0;
				GCC_PREPROCESSOR_DEFINITIONS = (
					"DEBUG=1",
					"$(inherited)",
				);
				GCC_WARN_64_TO_32_BIT_CONVERSION = YES;
				GCC_WARN_ABOUT_RETURN_TYPE = YES_ERROR;
				GCC_WARN_UNDECLARED_SELECTOR = YES;
				GCC_WARN_UNINITIALIZED_AUTOS = YES_AGGRESSIVE;
				GCC_WARN_UNUSED_FUNCTION = YES;
				GCC_WARN_UNUSED_VARIABLE = YES;
				IPHONEOS_DEPLOYMENT_TARGET = 13.4;
				MTL_ENABLE_DEBUG_INFO = INCLUDE_SOURCE;
				MTL_FAST_MATH = YES;
				ONLY_ACTIVE_ARCH = YES;
				SDKROOT = iphoneos;
				SWIFT_ACTIVE_COMPILATION_CONDITIONS = DEBUG;
				SWIFT_OPTIMIZATION_LEVEL = "-Onone";
			};
			name = Debug;
		};
		B8FBC733250EEEED0028441E /* Release */ = {
			isa = XCBuildConfiguration;
			buildSettings = {
				ALWAYS_SEARCH_USER_PATHS = NO;
				CLANG_ANALYZER_NONNULL = YES;
				CLANG_ANALYZER_NUMBER_OBJECT_CONVERSION = YES_AGGRESSIVE;
				CLANG_CXX_LANGUAGE_STANDARD = "gnu++14";
				CLANG_CXX_LIBRARY = "libc++";
				CLANG_ENABLE_MODULES = YES;
				CLANG_ENABLE_OBJC_ARC = YES;
				CLANG_ENABLE_OBJC_WEAK = YES;
				CLANG_WARN_BLOCK_CAPTURE_AUTORELEASING = YES;
				CLANG_WARN_BOOL_CONVERSION = YES;
				CLANG_WARN_COMMA = YES;
				CLANG_WARN_CONSTANT_CONVERSION = YES;
				CLANG_WARN_DEPRECATED_OBJC_IMPLEMENTATIONS = YES;
				CLANG_WARN_DIRECT_OBJC_ISA_USAGE = YES_ERROR;
				CLANG_WARN_DOCUMENTATION_COMMENTS = YES;
				CLANG_WARN_EMPTY_BODY = YES;
				CLANG_WARN_ENUM_CONVERSION = YES;
				CLANG_WARN_INFINITE_RECURSION = YES;
				CLANG_WARN_INT_CONVERSION = YES;
				CLANG_WARN_NON_LITERAL_NULL_CONVERSION = YES;
				CLANG_WARN_OBJC_IMPLICIT_RETAIN_SELF = YES;
				CLANG_WARN_OBJC_LITERAL_CONVERSION = YES;
				CLANG_WARN_OBJC_ROOT_CLASS = YES_ERROR;
				CLANG_WARN_RANGE_LOOP_ANALYSIS = YES;
				CLANG_WARN_STRICT_PROTOTYPES = YES;
				CLANG_WARN_SUSPICIOUS_MOVE = YES;
				CLANG_WARN_UNGUARDED_AVAILABILITY = YES_AGGRESSIVE;
				CLANG_WARN_UNREACHABLE_CODE = YES;
				CLANG_WARN__DUPLICATE_METHOD_MATCH = YES;
				COPY_PHASE_STRIP = NO;
				DEBUG_INFORMATION_FORMAT = "dwarf-with-dsym";
				ENABLE_NS_ASSERTIONS = NO;
				ENABLE_STRICT_OBJC_MSGSEND = YES;
				GCC_C_LANGUAGE_STANDARD = gnu11;
				GCC_NO_COMMON_BLOCKS = YES;
				GCC_WARN_64_TO_32_BIT_CONVERSION = YES;
				GCC_WARN_ABOUT_RETURN_TYPE = YES_ERROR;
				GCC_WARN_UNDECLARED_SELECTOR = YES;
				GCC_WARN_UNINITIALIZED_AUTOS = YES_AGGRESSIVE;
				GCC_WARN_UNUSED_FUNCTION = YES;
				GCC_WARN_UNUSED_VARIABLE = YES;
				IPHONEOS_DEPLOYMENT_TARGET = 13.4;
				MTL_ENABLE_DEBUG_INFO = NO;
				MTL_FAST_MATH = YES;
				SDKROOT = iphoneos;
				SWIFT_COMPILATION_MODE = wholemodule;
				SWIFT_OPTIMIZATION_LEVEL = "-O";
				VALIDATE_PRODUCT = YES;
			};
			name = Release;
		};
		B8FBC735250EEEED0028441E /* Debug */ = {
			isa = XCBuildConfiguration;
			baseConfigurationReference = 126DF653B1A76D14C3E1A535 /* Pods-iPawStore.debug.xcconfig */;
			buildSettings = {
				ASSETCATALOG_COMPILER_APPICON_NAME = AppIcon;
				CODE_SIGN_STYLE = Automatic;
				DEVELOPMENT_TEAM = 8LX2F7QF9K;
				INFOPLIST_FILE = iPawStore/Info.plist;
				IPHONEOS_DEPLOYMENT_TARGET = 11.0;
				LD_RUNPATH_SEARCH_PATHS = (
					"$(inherited)",
					"@executable_path/Frameworks",
				);
				PRODUCT_BUNDLE_IDENTIFIER = com.Abdullah.iPawStore2;
				PRODUCT_NAME = "$(TARGET_NAME)";
				SWIFT_VERSION = 5.0;
				TARGETED_DEVICE_FAMILY = "1,2";
			};
			name = Debug;
		};
		B8FBC736250EEEED0028441E /* Release */ = {
			isa = XCBuildConfiguration;
			baseConfigurationReference = 86CDA381EFFB8675380A8A7B /* Pods-iPawStore.release.xcconfig */;
			buildSettings = {
				ASSETCATALOG_COMPILER_APPICON_NAME = AppIcon;
				CODE_SIGN_STYLE = Automatic;
				DEVELOPMENT_TEAM = 8LX2F7QF9K;
				INFOPLIST_FILE = iPawStore/Info.plist;
				IPHONEOS_DEPLOYMENT_TARGET = 11.0;
				LD_RUNPATH_SEARCH_PATHS = (
					"$(inherited)",
					"@executable_path/Frameworks",
				);
				PRODUCT_BUNDLE_IDENTIFIER = com.Abdullah.iPawStore2;
				PRODUCT_NAME = "$(TARGET_NAME)";
				SWIFT_VERSION = 5.0;
				TARGETED_DEVICE_FAMILY = "1,2";
			};
			name = Release;
		};
/* End XCBuildConfiguration section */

/* Begin XCConfigurationList section */
		B8FBC71B250EEEEA0028441E /* Build configuration list for PBXProject "iPawStore" */ = {
			isa = XCConfigurationList;
			buildConfigurations = (
				B8FBC732250EEEED0028441E /* Debug */,
				B8FBC733250EEEED0028441E /* Release */,
			);
			defaultConfigurationIsVisible = 0;
			defaultConfigurationName = Release;
		};
		B8FBC734250EEEED0028441E /* Build configuration list for PBXNativeTarget "iPawStore" */ = {
			isa = XCConfigurationList;
			buildConfigurations = (
				B8FBC735250EEEED0028441E /* Debug */,
				B8FBC736250EEEED0028441E /* Release */,
			);
			defaultConfigurationIsVisible = 0;
			defaultConfigurationName = Release;
		};
/* End XCConfigurationList section */
	};
	rootObject = B8FBC718250EEEEA0028441E /* Project object */;
}
